// !$*UTF8*$!
{
	archiveVersion = 1;
	classes = {
	};
	objectVersion = 46;
	objects = {

/* Begin PBXBuildFile section */
		0444855F1DE4D42D009C8928 /* AppDelegate.swift in Sources */ = {isa = PBXBuildFile; fileRef = 0444855E1DE4D42D009C8928 /* AppDelegate.swift */; };
		044485611DE4D42D009C8928 /* ViewController.swift in Sources */ = {isa = PBXBuildFile; fileRef = 044485601DE4D42D009C8928 /* ViewController.swift */; };
		044485641DE4D42D009C8928 /* Main.storyboard in Resources */ = {isa = PBXBuildFile; fileRef = 044485621DE4D42D009C8928 /* Main.storyboard */; };
		044485661DE4D42D009C8928 /* Assets.xcassets in Resources */ = {isa = PBXBuildFile; fileRef = 044485651DE4D42D009C8928 /* Assets.xcassets */; };
		044485691DE4D42D009C8928 /* LaunchScreen.storyboard in Resources */ = {isa = PBXBuildFile; fileRef = 044485671DE4D42D009C8928 /* LaunchScreen.storyboard */; };
/* End PBXBuildFile section */

/* Begin PBXFileReference section */
		0444855B1DE4D42D009C8928 /* FBLogin.app */ = {isa = PBXFileReference; explicitFileType = wrapper.application; includeInIndex = 0; path = FBLogin.app; sourceTree = BUILT_PRODUCTS_DIR; };
		0444855E1DE4D42D009C8928 /* AppDelegate.swift */ = {isa = PBXFileReference; lastKnownFileType = sourcecode.swift; path = AppDelegate.swift; sourceTree = "<group>"; };
		044485601DE4D42D009C8928 /* ViewController.swift */ = {isa = PBXFileReference; lastKnownFileType = sourcecode.swift; path = ViewController.swift; sourceTree = "<group>"; };
		044485631DE4D42D009C8928 /* Base */ = {isa = PBXFileReference; lastKnownFileType = file.storyboard; name = Base; path = Base.lproj/Main.storyboard; sourceTree = "<group>"; };
		044485651DE4D42D009C8928 /* Assets.xcassets */ = {isa = PBXFileReference; lastKnownFileType = folder.assetcatalog; path = Assets.xcassets; sourceTree = "<group>"; };
		044485681DE4D42D009C8928 /* Base */ = {isa = PBXFileReference; lastKnownFileType = file.storyboard; name = Base; path = Base.lproj/LaunchScreen.storyboard; sourceTree = "<group>"; };
		0444856A1DE4D42D009C8928 /* Info.plist */ = {isa = PBXFileReference; lastKnownFileType = text.plist.xml; path = Info.plist; sourceTree = "<group>"; };
		044485701DE4D468009C8928 /* FBLogin.entitlements */ = {isa = PBXFileReference; lastKnownFileType = text.plist.entitlements; path = FBLogin.entitlements; sourceTree = "<group>"; };
		2117063E26651C49B5B244B6 /* Pods-FBLogin.debug.xcconfig */ = {isa = PBXFileReference; includeInIndex = 1; lastKnownFileType = text.xcconfig; name = "Pods-FBLogin.debug.xcconfig"; path = "Pods/Target Support Files/Pods-FBLogin/Pods-FBLogin.debug.xcconfig"; sourceTree = "<group>"; };
		533D943D028127681A786D58 /* Pods-FBLogin.release.xcconfig */ = {isa = PBXFileReference; includeInIndex = 1; lastKnownFileType = text.xcconfig; name = "Pods-FBLogin.release.xcconfig"; path = "Pods/Target Support Files/Pods-FBLogin/Pods-FBLogin.release.xcconfig"; sourceTree = "<group>"; };
/* End PBXFileReference section */

/* Begin PBXFrameworksBuildPhase section */
		044485581DE4D42D009C8928 /* Frameworks */ = {
			isa = PBXFrameworksBuildPhase;
			buildActionMask = 2147483647;
			files = (
			);
			runOnlyForDeploymentPostprocessing = 0;
		};
/* End PBXFrameworksBuildPhase section */

/* Begin PBXGroup section */
		044485521DE4D42D009C8928 = {
			isa = PBXGroup;
			children = (
				0444855D1DE4D42D009C8928 /* FBLogin */,
				0444855C1DE4D42D009C8928 /* Products */,
				4214713A1BE9F64A775F2246 /* Pods */,
			);
			sourceTree = "<group>";
		};
		0444855C1DE4D42D009C8928 /* Products */ = {
			isa = PBXGroup;
			children = (
				0444855B1DE4D42D009C8928 /* FBLogin.app */,
			);
			name = Products;
			sourceTree = "<group>";
		};
		0444855D1DE4D42D009C8928 /* FBLogin */ = {
			isa = PBXGroup;
			children = (
				044485701DE4D468009C8928 /* FBLogin.entitlements */,
				0444855E1DE4D42D009C8928 /* AppDelegate.swift */,
				044485601DE4D42D009C8928 /* ViewController.swift */,
				044485621DE4D42D009C8928 /* Main.storyboard */,
				044485651DE4D42D009C8928 /* Assets.xcassets */,
				044485671DE4D42D009C8928 /* LaunchScreen.storyboard */,
				0444856A1DE4D42D009C8928 /* Info.plist */,
			);
			path = FBLogin;
			sourceTree = "<group>";
		};
		4214713A1BE9F64A775F2246 /* Pods */ = {
			isa = PBXGroup;
			children = (
				2117063E26651C49B5B244B6 /* Pods-FBLogin.debug.xcconfig */,
				533D943D028127681A786D58 /* Pods-FBLogin.release.xcconfig */,
			);
			name = Pods;
			sourceTree = "<group>";
		};
/* End PBXGroup section */

/* Begin PBXNativeTarget section */
		0444855A1DE4D42D009C8928 /* FBLogin */ = {
			isa = PBXNativeTarget;
			buildConfigurationList = 0444856D1DE4D42D009C8928 /* Build configuration list for PBXNativeTarget "FBLogin" */;
			buildPhases = (
				6A3AC5133797B56A30672560 /* [CP] Check Pods Manifest.lock */,
				044485571DE4D42D009C8928 /* Sources */,
				044485581DE4D42D009C8928 /* Frameworks */,
				044485591DE4D42D009C8928 /* Resources */,
				990FF8919E1C59E5A5E39204 /* [CP] Embed Pods Frameworks */,
				C6B155E2639F03E7F9D70B4A /* [CP] Copy Pods Resources */,
			);
			buildRules = (
			);
			dependencies = (
			);
			name = FBLogin;
			productName = FBLogin;
			productReference = 0444855B1DE4D42D009C8928 /* FBLogin.app */;
			productType = "com.apple.product-type.application";
		};
/* End PBXNativeTarget section */

/* Begin PBXProject section */
		044485531DE4D42D009C8928 /* Project object */ = {
			isa = PBXProject;
			attributes = {
				LastSwiftUpdateCheck = 0810;
				LastUpgradeCheck = 0810;
				ORGANIZATIONNAME = "Jeremy Lee";
				TargetAttributes = {
					0444855A1DE4D42D009C8928 = {
						CreatedOnToolsVersion = 8.1;
						DevelopmentTeam = 6Z48U2Z6NY;
						ProvisioningStyle = Automatic;
						SystemCapabilities = {
							com.apple.Keychain = {
								enabled = 1;
							};
						};
					};
				};
			};
			buildConfigurationList = 044485561DE4D42D009C8928 /* Build configuration list for PBXProject "FBLogin" */;
			compatibilityVersion = "Xcode 3.2";
			developmentRegion = English;
			hasScannedForEncodings = 0;
			knownRegions = (
				en,
				Base,
			);
			mainGroup = 044485521DE4D42D009C8928;
			productRefGroup = 0444855C1DE4D42D009C8928 /* Products */;
			projectDirPath = "";
			projectRoot = "";
			targets = (
				0444855A1DE4D42D009C8928 /* FBLogin */,
			);
		};
/* End PBXProject section */

/* Begin PBXResourcesBuildPhase section */
		044485591DE4D42D009C8928 /* Resources */ = {
			isa = PBXResourcesBuildPhase;
			buildActionMask = 2147483647;
			files = (
				044485691DE4D42D009C8928 /* LaunchScreen.storyboard in Resources */,
				044485661DE4D42D009C8928 /* Assets.xcassets in Resources */,
				044485641DE4D42D009C8928 /* Main.storyboard in Resources */,
			);
			runOnlyForDeploymentPostprocessing = 0;
		};
/* End PBXResourcesBuildPhase section */

/* Begin PBXShellScriptBuildPhase section */
		6A3AC5133797B56A30672560 /* [CP] Check Pods Manifest.lock */ = {
			isa = PBXShellScriptBuildPhase;
			buildActionMask = 2147483647;
			files = (
			);
			inputPaths = (
			);
			name = "[CP] Check Pods Manifest.lock";
			outputPaths = (
			);
			runOnlyForDeploymentPostprocessing = 0;
			shellPath = /bin/sh;
			shellScript = "diff \"${PODS_ROOT}/../Podfile.lock\" \"${PODS_ROOT}/Manifest.lock\" > /dev/null\nif [ $? != 0 ] ; then\n    # print error to STDERR\n    echo \"error: The sandbox is not in sync with the Podfile.lock. Run 'pod install' or update your CocoaPods installation.\" >&2\n    exit 1\nfi\n";
			showEnvVarsInLog = 0;
		};
		990FF8919E1C59E5A5E39204 /* [CP] Embed Pods Frameworks */ = {
			isa = PBXShellScriptBuildPhase;
			buildActionMask = 2147483647;
			files = (
			);
			inputPaths = (
			);
			name = "[CP] Embed Pods Frameworks";
			outputPaths = (
			);
			runOnlyForDeploymentPostprocessing = 0;
			shellPath = /bin/sh;
			shellScript = "\"${SRCROOT}/Pods/Target Support Files/Pods-FBLogin/Pods-FBLogin-frameworks.sh\"\n";
			showEnvVarsInLog = 0;
		};
		C6B155E2639F03E7F9D70B4A /* [CP] Copy Pods Resources */ = {
			isa = PBXShellScriptBuildPhase;
			buildActionMask = 2147483647;
			files = (
			);
			inputPaths = (
			);
			name = "[CP] Copy Pods Resources";
			outputPaths = (
			);
			runOnlyForDeploymentPostprocessing = 0;
			shellPath = /bin/sh;
			shellScript = "\"${SRCROOT}/Pods/Target Support Files/Pods-FBLogin/Pods-FBLogin-resources.sh\"\n";
			showEnvVarsInLog = 0;
		};
/* End PBXShellScriptBuildPhase section */

/* Begin PBXSourcesBuildPhase section */
		044485571DE4D42D009C8928 /* Sources */ = {
			isa = PBXSourcesBuildPhase;
			buildActionMask = 2147483647;
			files = (
				044485611DE4D42D009C8928 /* ViewController.swift in Sources */,
				0444855F1DE4D42D009C8928 /* AppDelegate.swift in Sources */,
			);
			runOnlyForDeploymentPostprocessing = 0;
		};
/* End PBXSourcesBuildPhase section */

/* Begin PBXVariantGroup section */
		044485621DE4D42D009C8928 /* Main.storyboard */ = {
			isa = PBXVariantGroup;
			children = (
				044485631DE4D42D009C8928 /* Base */,
			);
			name = Main.storyboard;
			sourceTree = "<group>";
		};
		044485671DE4D42D009C8928 /* LaunchScreen.storyboard */ = {
			isa = PBXVariantGroup;
			children = (
				044485681DE4D42D009C8928 /* Base */,
			);
			name = LaunchScreen.storyboard;
			sourceTree = "<group>";
		};
/* End PBXVariantGroup section */

/* Begin XCBuildConfiguration section */
		0444856B1DE4D42D009C8928 /* Debug */ = {
			isa = XCBuildConfiguration;
			buildSettings = {
				ALWAYS_SEARCH_USER_PATHS = NO;
				CLANG_ANALYZER_NONNULL = YES;
				CLANG_CXX_LANGUAGE_STANDARD = "gnu++0x";
				CLANG_CXX_LIBRARY = "libc++";
				CLANG_ENABLE_MODULES = YES;
				CLANG_ENABLE_OBJC_ARC = YES;
				CLANG_WARN_BOOL_CONVERSION = YES;
				CLANG_WARN_CONSTANT_CONVERSION = YES;
				CLANG_WARN_DIRECT_OBJC_ISA_USAGE = YES_ERROR;
				CLANG_WARN_DOCUMENTATION_COMMENTS = YES;
				CLANG_WARN_EMPTY_BODY = YES;
				CLANG_WARN_ENUM_CONVERSION = YES;
				CLANG_WARN_INFINITE_RECURSION = YES;
				CLANG_WARN_INT_CONVERSION = YES;
				CLANG_WARN_OBJC_ROOT_CLASS = YES_ERROR;
				CLANG_WARN_SUSPICIOUS_MOVES = YES;
				CLANG_WARN_UNREACHABLE_CODE = YES;
				CLANG_WARN__DUPLICATE_METHOD_MATCH = YES;
				"CODE_SIGN_IDENTITY[sdk=iphoneos*]" = "iPhone Developer";
				COPY_PHASE_STRIP = NO;
				DEBUG_INFORMATION_FORMAT = dwarf;
				ENABLE_STRICT_OBJC_MSGSEND = YES;
				ENABLE_TESTABILITY = YES;
				GCC_C_LANGUAGE_STANDARD = gnu99;
				GCC_DYNAMIC_NO_PIC = NO;
				GCC_NO_COMMON_BLOCKS = YES;
				GCC_OPTIMIZATION_LEVEL = 0;
				GCC_PREPROCESSOR_DEFINITIONS = (
					"DEBUG=1",
					"$(inherited)",
				);
				GCC_WARN_64_TO_32_BIT_CONVERSION = YES;
				GCC_WARN_ABOUT_RETURN_TYPE = YES_ERROR;
				GCC_WARN_UNDECLARED_SELECTOR = YES;
				GCC_WARN_UNINITIALIZED_AUTOS = YES_AGGRESSIVE;
				GCC_WARN_UNUSED_FUNCTION = YES;
				GCC_WARN_UNUSED_VARIABLE = YES;
				IPHONEOS_DEPLOYMENT_TARGET = 10.1;
				MTL_ENABLE_DEBUG_INFO = YES;
				ONLY_ACTIVE_ARCH = YES;
				SDKROOT = iphoneos;
				SWIFT_ACTIVE_COMPILATION_CONDITIONS = DEBUG;
				SWIFT_OPTIMIZATION_LEVEL = "-Onone";
				TARGETED_DEVICE_FAMILY = "1,2";
			};
			name = Debug;
		};
		0444856C1DE4D42D009C8928 /* Release */ = {
			isa = XCBuildConfiguration;
			buildSettings = {
				ALWAYS_SEARCH_USER_PATHS = NO;
				CLANG_ANALYZER_NONNULL = YES;
				CLANG_CXX_LANGUAGE_STANDARD = "gnu++0x";
				CLANG_CXX_LIBRARY = "libc++";
				CLANG_ENABLE_MODULES = YES;
				CLANG_ENABLE_OBJC_ARC = YES;
				CLANG_WARN_BOOL_CONVERSION = YES;
				CLANG_WARN_CONSTANT_CONVERSION = YES;
				CLANG_WARN_DIRECT_OBJC_ISA_USAGE = YES_ERROR;
				CLANG_WARN_DOCUMENTATION_COMMENTS = YES;
				CLANG_WARN_EMPTY_BODY = YES;
				CLANG_WARN_ENUM_CONVERSION = YES;
				CLANG_WARN_INFINITE_RECURSION = YES;
				CLANG_WARN_INT_CONVERSION = YES;
				CLANG_WARN_OBJC_ROOT_CLASS = YES_ERROR;
				CLANG_WARN_SUSPICIOUS_MOVES = YES;
				CLANG_WARN_UNREACHABLE_CODE = YES;
				CLANG_WARN__DUPLICATE_METHOD_MATCH = YES;
				"CODE_SIGN_IDENTITY[sdk=iphoneos*]" = "iPhone Developer";
				COPY_PHASE_STRIP = NO;
				DEBUG_INFORMATION_FORMAT = "dwarf-with-dsym";
				ENABLE_NS_ASSERTIONS = NO;
				ENABLE_STRICT_OBJC_MSGSEND = YES;
				GCC_C_LANGUAGE_STANDARD = gnu99;
				GCC_NO_COMMON_BLOCKS = YES;
				GCC_WARN_64_TO_32_BIT_CONVERSION = YES;
				GCC_WARN_ABOUT_RETURN_TYPE = YES_ERROR;
				GCC_WARN_UNDECLARED_SELECTOR = YES;
				GCC_WARN_UNINITIALIZED_AUTOS = YES_AGGRESSIVE;
				GCC_WARN_UNUSED_FUNCTION = YES;
				GCC_WARN_UNUSED_VARIABLE = YES;
				IPHONEOS_DEPLOYMENT_TARGET = 10.1;
				MTL_ENABLE_DEBUG_INFO = NO;
				SDKROOT = iphoneos;
				SWIFT_OPTIMIZATION_LEVEL = "-Owholemodule";
				TARGETED_DEVICE_FAMILY = "1,2";
				VALIDATE_PRODUCT = YES;
			};
			name = Release;
		};
		0444856E1DE4D42D009C8928 /* Debug */ = {
			isa = XCBuildConfiguration;
			baseConfigurationReference = 2117063E26651C49B5B244B6 /* Pods-FBLogin.debug.xcconfig */;
			buildSettings = {
				ASSETCATALOG_COMPILER_APPICON_NAME = AppIcon;
				CLANG_ALLOW_NON_MODULAR_INCLUDES_IN_FRAMEWORK_MODULES = YES;
				CODE_SIGN_ENTITLEMENTS = FBLogin/FBLogin.entitlements;
				DEVELOPMENT_TEAM = 6Z48U2Z6NY;
				INFOPLIST_FILE = FBLogin/Info.plist;
				LD_RUNPATH_SEARCH_PATHS = "$(inherited) @executable_path/Frameworks";
				PRODUCT_BUNDLE_IDENTIFIER = germy.FBLogin;
				PRODUCT_NAME = "$(TARGET_NAME)";
				SWIFT_VERSION = 3.0;
			};
			name = Debug;
		};
		0444856F1DE4D42D009C8928 /* Release */ = {
			isa = XCBuildConfiguration;
			baseConfigurationReference = 533D943D028127681A786D58 /* Pods-FBLogin.release.xcconfig */;
			buildSettings = {
				ASSETCATALOG_COMPILER_APPICON_NAME = AppIcon;
				CLANG_ALLOW_NON_MODULAR_INCLUDES_IN_FRAMEWORK_MODULES = YES;
				CODE_SIGN_ENTITLEMENTS = FBLogin/FBLogin.entitlements;
				DEVELOPMENT_TEAM = 6Z48U2Z6NY;
				INFOPLIST_FILE = FBLogin/Info.plist;
				LD_RUNPATH_SEARCH_PATHS = "$(inherited) @executable_path/Frameworks";
				PRODUCT_BUNDLE_IDENTIFIER = germy.FBLogin;
				PRODUCT_NAME = "$(TARGET_NAME)";
				SWIFT_VERSION = 3.0;
			};
			name = Release;
		};
/* End XCBuildConfiguration section */

/* Begin XCConfigurationList section */
		044485561DE4D42D009C8928 /* Build configuration list for PBXProject "FBLogin" */ = {
			isa = XCConfigurationList;
			buildConfigurations = (
				0444856B1DE4D42D009C8928 /* Debug */,
				0444856C1DE4D42D009C8928 /* Release */,
			);
			defaultConfigurationIsVisible = 0;
			defaultConfigurationName = Release;
		};
		0444856D1DE4D42D009C8928 /* Build configuration list for PBXNativeTarget "FBLogin" */ = {
			isa = XCConfigurationList;
			buildConfigurations = (
				0444856E1DE4D42D009C8928 /* Debug */,
				0444856F1DE4D42D009C8928 /* Release */,
			);
			defaultConfigurationIsVisible = 0;
			defaultConfigurationName = Release;
		};
/* End XCConfigurationList section */
	};
	rootObject = 044485531DE4D42D009C8928 /* Project object */;
}
